
Microsoft Visual Studio Solution File, Format Version 12.00
# Visual Studio Version 17
VisualStudioVersion = 17.0.32112.339
MinimumVisualStudioVersion = 10.0.40219.1
Project("{9A19103F-16F7-4668-BE54-9A1E7A4F7556}") = "Api", "Api\Api.csproj", "{6B5F132C-410B-4D8C-BCB8-906EFFA6F5D1}"
EndProject
Project("{9A19103F-16F7-4668-BE54-9A1E7A4F7556}") = "Core", "Core\Core.csproj", "{E66F6B34-417A-4EB5-BC6A-0FC9B292F9ED}"
EndProject
Project("{9A19103F-16F7-4668-BE54-9A1E7A4F7556}") = "Service", "Service\Service.csproj", "{54476FA4-CB23-4C8C-81AF-A90CDE30A00C}"
EndProject
Project("{9A19103F-16F7-4668-BE54-9A1E7A4F7556}") = "Repository", "Repository\Repository.csproj", "{35E616D3-1D11-4105-BE0B-E024A4F62B51}"
EndProject
Project("{9A19103F-16F7-4668-BE54-9A1E7A4F7556}") = "Ui", "Ui\Ui.csproj", "{A2050A13-D9C3-4B4D-A09B-277B4588DD49}"
EndProject
Global
	GlobalSection(SolutionConfigurationPlatforms) = preSolution
		Debug|Any CPU = Debug|Any CPU
		Release|Any CPU = Release|Any CPU
	EndGlobalSection
	GlobalSection(ProjectConfigurationPlatforms) = postSolution
		{6B5F132C-410B-4D8C-BCB8-906EFFA6F5D1}.Debug|Any CPU.ActiveCfg = Debug|Any CPU
		{6B5F132C-410B-4D8C-BCB8-906EFFA6F5D1}.Debug|Any CPU.Build.0 = Debug|Any CPU
		{6B5F132C-410B-4D8C-BCB8-906EFFA6F5D1}.Release|Any CPU.ActiveCfg = Release|Any CPU
		{6B5F132C-410B-4D8C-BCB8-906EFFA6F5D1}.Release|Any CPU.Build.0 = Release|Any CPU
		{E66F6B34-417A-4EB5-BC6A-0FC9B292F9ED}.Debug|Any CPU.ActiveCfg = Debug|Any CPU
		{E66F6B34-417A-4EB5-BC6A-0FC9B292F9ED}.Debug|Any CPU.Build.0 = Debug|Any CPU
		{E66F6B34-417A-4EB5-BC6A-0FC9B292F9ED}.Release|Any CPU.ActiveCfg = Release|Any CPU
		{E66F6B34-417A-4EB5-BC6A-0FC9B292F9ED}.Release|Any CPU.Build.0 = Release|Any CPU
		{54476FA4-CB23-4C8C-81AF-A90CDE30A00C}.Debug|Any CPU.ActiveCfg = Debug|Any CPU
		{54476FA4-CB23-4C8C-81AF-A90CDE30A00C}.Debug|Any CPU.Build.0 = Debug|Any CPU
		{54476FA4-CB23-4C8C-81AF-A90CDE30A00C}.Release|Any CPU.ActiveCfg = Release|Any CPU
		{54476FA4-CB23-4C8C-81AF-A90CDE30A00C}.Release|Any CPU.Build.0 = Release|Any CPU
		{35E616D3-1D11-4105-BE0B-E024A4F62B51}.Debug|Any CPU.ActiveCfg = Debug|Any CPU
		{35E616D3-1D11-4105-BE0B-E024A4F62B51}.Debug|Any CPU.Build.0 = Debug|Any CPU
		{35E616D3-1D11-4105-BE0B-E024A4F62B51}.Release|Any CPU.ActiveCfg = Release|Any CPU
		{35E616D3-1D11-4105-BE0B-E024A4F62B51}.Release|Any CPU.Build.0 = Release|Any CPU
		{A2050A13-D9C3-4B4D-A09B-277B4588DD49}.Debug|Any CPU.ActiveCfg = Debug|Any CPU
		{A2050A13-D9C3-4B4D-A09B-277B4588DD49}.Debug|Any CPU.Build.0 = Debug|Any CPU
		{A2050A13-D9C3-4B4D-A09B-277B4588DD49}.Release|Any CPU.ActiveCfg = Release|Any CPU
		{A2050A13-D9C3-4B4D-A09B-277B4588DD49}.Release|Any CPU.Build.0 = Release|Any CPU
	EndGlobalSection
	GlobalSection(SolutionProperties) = preSolution
		HideSolutionNode = FALSE
	EndGlobalSection
	GlobalSection(ExtensibilityGlobals) = postSolution
		SolutionGuid = {BB694C84-6133-4C81-B43F-7B1535BE8CFD}
	EndGlobalSection
EndGlobal
